
Microsoft Visual Studio Solution File, Format Version 12.00
# Visual Studio Version 16
VisualStudioVersion = 16.0.29613.14
MinimumVisualStudioVersion = 10.0.40219.1
Project("{FAE04EC0-301F-11D3-BF4B-00C04F79EFBC}") = "ND1.1", "ND1.1\ND1.1.csproj", "{B76FE2B4-2847-4255-AE5F-2657AF9C1A95}"
EndProject
Global
	GlobalSection(SolutionConfigurationPlatforms) = preSolution
		Debug|Any CPU = Debug|Any CPU
		Release|Any CPU = Release|Any CPU
	EndGlobalSection
	GlobalSection(ProjectConfigurationPlatforms) = postSolution
		{B76FE2B4-2847-4255-AE5F-2657AF9C1A95}.Debug|Any CPU.ActiveCfg = Debug|Any CPU
		{B76FE2B4-2847-4255-AE5F-2657AF9C1A95}.Debug|Any CPU.Build.0 = Debug|Any CPU
		{B76FE2B4-2847-4255-AE5F-2657AF9C1A95}.Release|Any CPU.ActiveCfg = Release|Any CPU
		{B76FE2B4-2847-4255-AE5F-2657AF9C1A95}.Release|Any CPU.Build.0 = Release|Any CPU
	EndGlobalSection
	GlobalSection(SolutionProperties) = preSolution
		HideSolutionNode = FALSE
	EndGlobalSection
	GlobalSection(ExtensibilityGlobals) = postSolution
		SolutionGuid = {2D96A0C0-FB3D-4B88-A4C7-9833C2AC90E7}
	EndGlobalSection
EndGlobal
