
Microsoft Visual Studio Solution File, Format Version 12.00
# Visual Studio Version 16
VisualStudioVersion = 16.0.29613.14
MinimumVisualStudioVersion = 10.0.40219.1
Project("{FAE04EC0-301F-11D3-BF4B-00C04F79EFBC}") = "ConsoleApp1", "ConsoleApp1\ConsoleApp1.csproj", "{7A8A2930-79E5-4D39-8AF5-569186B742EF}"
EndProject
Global
	GlobalSection(SolutionConfigurationPlatforms) = preSolution
		Debug|Any CPU = Debug|Any CPU
		Release|Any CPU = Release|Any CPU
	EndGlobalSection
	GlobalSection(ProjectConfigurationPlatforms) = postSolution
		{7A8A2930-79E5-4D39-8AF5-569186B742EF}.Debug|Any CPU.ActiveCfg = Debug|Any CPU
		{7A8A2930-79E5-4D39-8AF5-569186B742EF}.Debug|Any CPU.Build.0 = Debug|Any CPU
		{7A8A2930-79E5-4D39-8AF5-569186B742EF}.Release|Any CPU.ActiveCfg = Release|Any CPU
		{7A8A2930-79E5-4D39-8AF5-569186B742EF}.Release|Any CPU.Build.0 = Release|Any CPU
	EndGlobalSection
	GlobalSection(SolutionProperties) = preSolution
		HideSolutionNode = FALSE
	EndGlobalSection
	GlobalSection(ExtensibilityGlobals) = postSolution
		SolutionGuid = {4C393B69-45D2-4F4E-B64D-F5C1683A70FC}
	EndGlobalSection
EndGlobal
